
Microsoft Visual Studio Solution File, Format Version 12.00
# Visual Studio Version 17
VisualStudioVersion = 17.9.34701.34
MinimumVisualStudioVersion = 10.0.40219.1
Project("{FAE04EC0-301F-11D3-BF4B-00C04F79EFBC}") = "problem1", "problem1\problem1.csproj", "{91146D43-56EA-4322-AA7A-ECD61A1D2DC5}"
EndProject
Global
	GlobalSection(SolutionConfigurationPlatforms) = preSolution
		Debug|Any CPU = Debug|Any CPU
		Release|Any CPU = Release|Any CPU
	EndGlobalSection
	GlobalSection(ProjectConfigurationPlatforms) = postSolution
		{91146D43-56EA-4322-AA7A-ECD61A1D2DC5}.Debug|Any CPU.ActiveCfg = Debug|Any CPU
		{91146D43-56EA-4322-AA7A-ECD61A1D2DC5}.Debug|Any CPU.Build.0 = Debug|Any CPU
		{91146D43-56EA-4322-AA7A-ECD61A1D2DC5}.Release|Any CPU.ActiveCfg = Release|Any CPU
		{91146D43-56EA-4322-AA7A-ECD61A1D2DC5}.Release|Any CPU.Build.0 = Release|Any CPU
	EndGlobalSection
	GlobalSection(SolutionProperties) = preSolution
		HideSolutionNode = FALSE
	EndGlobalSection
	GlobalSection(ExtensibilityGlobals) = postSolution
		SolutionGuid = {45BBA430-F523-449F-BB17-12DC2B22EEE9}
	EndGlobalSection
EndGlobal
