
Microsoft Visual Studio Solution File, Format Version 12.00
# Visual Studio Version 17
VisualStudioVersion = 17.8.34330.188
MinimumVisualStudioVersion = 10.0.40219.1
Project("{FAE04EC0-301F-11D3-BF4B-00C04F79EFBC}") = "Sphere", "Sphere\Sphere.csproj", "{0488B8CB-19F2-480A-B842-C5AF1F54E7F8}"
EndProject
Project("{FAE04EC0-301F-11D3-BF4B-00C04F79EFBC}") = "ProjectIf", "ProjectIf\ProjectIf.csproj", "{56A32D5A-D926-483A-99E8-CB0C9B01ECB7}"
EndProject
Project("{FAE04EC0-301F-11D3-BF4B-00C04F79EFBC}") = "ProjectSwitch", "ProjectSwitch\ProjectSwitch.csproj", "{08F7865B-23A7-469B-B596-706F465D5033}"
EndProject
Project("{FAE04EC0-301F-11D3-BF4B-00C04F79EFBC}") = "ProjectTernaryOperator", "ProjectTernaryOperator\ProjectTernaryOperator.csproj", "{6BC41767-B74E-490C-97DA-6D4854BFD2B5}"
EndProject
Project("{FAE04EC0-301F-11D3-BF4B-00C04F79EFBC}") = "Pryamaya", "Pryamaya\Pryamaya.csproj", "{EDBC9993-442A-4FFA-B95D-50D857392DDD}"
EndProject
Project("{FAE04EC0-301F-11D3-BF4B-00C04F79EFBC}") = "griby", "griby\griby.csproj", "{B45BCF87-231D-4D20-B077-FADEB854F5B4}"
EndProject
Project("{FAE04EC0-301F-11D3-BF4B-00C04F79EFBC}") = "LoopFor", "LoopFor\LoopFor.csproj", "{0DC8137A-BE1B-4CA6-9FAE-9397F1A54A94}"
EndProject
Project("{FAE04EC0-301F-11D3-BF4B-00C04F79EFBC}") = "LoopWhile", "LoopWhile\LoopWhile.csproj", "{EF66FF50-CE35-409B-9656-E0B24ECAC4E1}"
EndProject
Project("{FAE04EC0-301F-11D3-BF4B-00C04F79EFBC}") = "LoopDo", "LoopDo\LoopDo.csproj", "{5F197ACD-41BC-47D8-A190-3495DC3855A0}"
EndProject
Project("{FAE04EC0-301F-11D3-BF4B-00C04F79EFBC}") = "problemEvenNumbers", "problemEvenNumbers\problemEvenNumbers.csproj", "{868DD478-A68C-42FF-8EED-E3980F71C1C6}"
EndProject
Project("{FAE04EC0-301F-11D3-BF4B-00C04F79EFBC}") = "SummArray", "array\SummArray.csproj", "{FC19C2C4-3AED-4FF7-845B-2C70C9A35551}"
EndProject
Project("{FAE04EC0-301F-11D3-BF4B-00C04F79EFBC}") = "FindArray", "FindArray\FindArray.csproj", "{D24E394D-333F-4805-B62B-CBCF49555409}"
EndProject
Project("{FAE04EC0-301F-11D3-BF4B-00C04F79EFBC}") = "FindMax", "FindMax\FindMax.csproj", "{335D5C88-8CFB-46E7-BB33-B9FA0432893A}"
EndProject
Project("{FAE04EC0-301F-11D3-BF4B-00C04F79EFBC}") = "Sorting", "Sorting\Sorting.csproj", "{A0149746-2206-49D0-BE0F-A49F7A41C538}"
EndProject
Project("{FAE04EC0-301F-11D3-BF4B-00C04F79EFBC}") = "Meteo", "Meteo\Meteo.csproj", "{6C10F091-D233-4042-ACD8-E29AC3A213F3}"
EndProject
Project("{FAE04EC0-301F-11D3-BF4B-00C04F79EFBC}") = "5.2.1", "5.2.1\5.2.1.csproj", "{31994048-3F19-42EB-B651-F929C34EE527}"
EndProject
Project("{FAE04EC0-301F-11D3-BF4B-00C04F79EFBC}") = "5.2.2", "5.2.2\5.2.2.csproj", "{25A9686A-0675-47AF-84A1-6DEF47D195D4}"
EndProject
Project("{FAE04EC0-301F-11D3-BF4B-00C04F79EFBC}") = "6.1.1", "6.1.1\6.1.1.csproj", "{3B3DF9A0-FC40-4BDA-8F4C-427883A91AFC}"
EndProject
Project("{FAE04EC0-301F-11D3-BF4B-00C04F79EFBC}") = "6.1.2", "6.2.2\6.1.2.csproj", "{EDAF8AAA-1B26-4336-AB0A-B5582526B4A5}"
EndProject
Project("{FAE04EC0-301F-11D3-BF4B-00C04F79EFBC}") = "methodSum", "methodSum\methodSum.csproj", "{5DBAB2C1-1025-40A7-8432-79D30C3EDE24}"
EndProject
Project("{FAE04EC0-301F-11D3-BF4B-00C04F79EFBC}") = "7.2.1", "7.2.1\7.2.1.csproj", "{225C7A8A-07F4-4907-92AB-713DAAB223FB}"
EndProject
Project("{FAE04EC0-301F-11D3-BF4B-00C04F79EFBC}") = "7.2.2", "7.2.2\7.2.2.csproj", "{E98CFA81-658D-467B-9CD0-0C10F8CFC636}"
EndProject
Project("{FAE04EC0-301F-11D3-BF4B-00C04F79EFBC}") = "Task8", "Task8\Task8.csproj", "{BC113D9C-73D0-42F0-B0D7-99DE9AE0E35C}"
EndProject
Project("{FAE04EC0-301F-11D3-BF4B-00C04F79EFBC}") = "task8.1", "task8.1\task8.1.csproj", "{72602355-DD2F-4BA6-A48E-FC3CC5105E7D}"
EndProject
Project("{FAE04EC0-301F-11D3-BF4B-00C04F79EFBC}") = "8.1.1", "8.1.1\8.1.1.csproj", "{65F7D475-2F8E-452B-AE30-0B8628D733D1}"
EndProject
Project("{FAE04EC0-301F-11D3-BF4B-00C04F79EFBC}") = "8.1.2", "8.1.2\8.1.2.csproj", "{8250C4CB-E557-421A-875A-0CE47F3C1B3F}"
EndProject
Project("{FAE04EC0-301F-11D3-BF4B-00C04F79EFBC}") = "9.1", "9.1\9.1.csproj", "{AB1569F1-C108-412C-BB61-B8039DD1BC1E}"
EndProject
Project("{FAE04EC0-301F-11D3-BF4B-00C04F79EFBC}") = "9.1.1", "9.1.1\9.1.1.csproj", "{2BC22962-9C91-4E6A-8BA3-2AF7E7AF77FF}"
EndProject
Project("{FAE04EC0-301F-11D3-BF4B-00C04F79EFBC}") = "10.1", "10.1\10.1.csproj", "{9E823E95-9E46-4C45-B3CD-9925FF4B8B90}"
EndProject
Project("{FAE04EC0-301F-11D3-BF4B-00C04F79EFBC}") = "10.2", "10.2\10.2.csproj", "{FE2E54AE-E4E0-498E-970E-2BD42E24091F}"
EndProject
Project("{FAE04EC0-301F-11D3-BF4B-00C04F79EFBC}") = "11.2", "11.2\11.2.csproj", "{B64065DD-EE21-4786-A5EA-0FBEB597525A}"
EndProject
Project("{FAE04EC0-301F-11D3-BF4B-00C04F79EFBC}") = "12.2", "12.2\12.2.csproj", "{91B23EEA-83CA-4F90-9922-51F334B39970}"
EndProject
Project("{FAE04EC0-301F-11D3-BF4B-00C04F79EFBC}") = "13.1", "13.1\13.1.csproj", "{A55D02A5-0B29-4BA4-886F-47C7A85835D6}"
EndProject
Project("{FAE04EC0-301F-11D3-BF4B-00C04F79EFBC}") = "13.2", "13.2\13.2.csproj", "{7333BC41-A292-49AF-87DB-A1D6FD01710C}"
EndProject
Project("{FAE04EC0-301F-11D3-BF4B-00C04F79EFBC}") = "14.1", "14.1\14.1.csproj", "{242EC1B2-2AA4-4623-9169-D44ACE7D748B}"
EndProject
Project("{FAE04EC0-301F-11D3-BF4B-00C04F79EFBC}") = "14.1.2", "14.1.2\14.1.2.csproj", "{6B534EF5-EA18-4B67-A785-D4E452CD6133}"
EndProject
Project("{FAE04EC0-301F-11D3-BF4B-00C04F79EFBC}") = "14.2", "14.2\14.2.csproj", "{0E1D4B1B-28B4-48DD-9264-6700295C862E}"
EndProject
Project("{FAE04EC0-301F-11D3-BF4B-00C04F79EFBC}") = "15.1", "15.1\15.1.csproj", "{C2558941-3754-4ED7-B20A-6E6119A40EC6}"
EndProject
Project("{FAE04EC0-301F-11D3-BF4B-00C04F79EFBC}") = "15.2", "15.2\15.2.csproj", "{AB381B17-C60F-4C28-84CF-AB6BC1802179}"
EndProject
Global
	GlobalSection(SolutionConfigurationPlatforms) = preSolution
		Debug|Any CPU = Debug|Any CPU
		Release|Any CPU = Release|Any CPU
	EndGlobalSection
	GlobalSection(ProjectConfigurationPlatforms) = postSolution
		{0488B8CB-19F2-480A-B842-C5AF1F54E7F8}.Debug|Any CPU.ActiveCfg = Debug|Any CPU
		{0488B8CB-19F2-480A-B842-C5AF1F54E7F8}.Debug|Any CPU.Build.0 = Debug|Any CPU
		{0488B8CB-19F2-480A-B842-C5AF1F54E7F8}.Release|Any CPU.ActiveCfg = Release|Any CPU
		{0488B8CB-19F2-480A-B842-C5AF1F54E7F8}.Release|Any CPU.Build.0 = Release|Any CPU
		{56A32D5A-D926-483A-99E8-CB0C9B01ECB7}.Debug|Any CPU.ActiveCfg = Debug|Any CPU
		{56A32D5A-D926-483A-99E8-CB0C9B01ECB7}.Debug|Any CPU.Build.0 = Debug|Any CPU
		{56A32D5A-D926-483A-99E8-CB0C9B01ECB7}.Release|Any CPU.ActiveCfg = Release|Any CPU
		{56A32D5A-D926-483A-99E8-CB0C9B01ECB7}.Release|Any CPU.Build.0 = Release|Any CPU
		{08F7865B-23A7-469B-B596-706F465D5033}.Debug|Any CPU.ActiveCfg = Debug|Any CPU
		{08F7865B-23A7-469B-B596-706F465D5033}.Debug|Any CPU.Build.0 = Debug|Any CPU
		{08F7865B-23A7-469B-B596-706F465D5033}.Release|Any CPU.ActiveCfg = Release|Any CPU
		{08F7865B-23A7-469B-B596-706F465D5033}.Release|Any CPU.Build.0 = Release|Any CPU
		{6BC41767-B74E-490C-97DA-6D4854BFD2B5}.Debug|Any CPU.ActiveCfg = Debug|Any CPU
		{6BC41767-B74E-490C-97DA-6D4854BFD2B5}.Debug|Any CPU.Build.0 = Debug|Any CPU
		{6BC41767-B74E-490C-97DA-6D4854BFD2B5}.Release|Any CPU.ActiveCfg = Release|Any CPU
		{6BC41767-B74E-490C-97DA-6D4854BFD2B5}.Release|Any CPU.Build.0 = Release|Any CPU
		{EDBC9993-442A-4FFA-B95D-50D857392DDD}.Debug|Any CPU.ActiveCfg = Debug|Any CPU
		{EDBC9993-442A-4FFA-B95D-50D857392DDD}.Debug|Any CPU.Build.0 = Debug|Any CPU
		{EDBC9993-442A-4FFA-B95D-50D857392DDD}.Release|Any CPU.ActiveCfg = Release|Any CPU
		{EDBC9993-442A-4FFA-B95D-50D857392DDD}.Release|Any CPU.Build.0 = Release|Any CPU
		{B45BCF87-231D-4D20-B077-FADEB854F5B4}.Debug|Any CPU.ActiveCfg = Debug|Any CPU
		{B45BCF87-231D-4D20-B077-FADEB854F5B4}.Debug|Any CPU.Build.0 = Debug|Any CPU
		{B45BCF87-231D-4D20-B077-FADEB854F5B4}.Release|Any CPU.ActiveCfg = Release|Any CPU
		{B45BCF87-231D-4D20-B077-FADEB854F5B4}.Release|Any CPU.Build.0 = Release|Any CPU
		{0DC8137A-BE1B-4CA6-9FAE-9397F1A54A94}.Debug|Any CPU.ActiveCfg = Debug|Any CPU
		{0DC8137A-BE1B-4CA6-9FAE-9397F1A54A94}.Debug|Any CPU.Build.0 = Debug|Any CPU
		{0DC8137A-BE1B-4CA6-9FAE-9397F1A54A94}.Release|Any CPU.ActiveCfg = Release|Any CPU
		{0DC8137A-BE1B-4CA6-9FAE-9397F1A54A94}.Release|Any CPU.Build.0 = Release|Any CPU
		{EF66FF50-CE35-409B-9656-E0B24ECAC4E1}.Debug|Any CPU.ActiveCfg = Debug|Any CPU
		{EF66FF50-CE35-409B-9656-E0B24ECAC4E1}.Debug|Any CPU.Build.0 = Debug|Any CPU
		{EF66FF50-CE35-409B-9656-E0B24ECAC4E1}.Release|Any CPU.ActiveCfg = Release|Any CPU
		{EF66FF50-CE35-409B-9656-E0B24ECAC4E1}.Release|Any CPU.Build.0 = Release|Any CPU
		{5F197ACD-41BC-47D8-A190-3495DC3855A0}.Debug|Any CPU.ActiveCfg = Debug|Any CPU
		{5F197ACD-41BC-47D8-A190-3495DC3855A0}.Debug|Any CPU.Build.0 = Debug|Any CPU
		{5F197ACD-41BC-47D8-A190-3495DC3855A0}.Release|Any CPU.ActiveCfg = Release|Any CPU
		{5F197ACD-41BC-47D8-A190-3495DC3855A0}.Release|Any CPU.Build.0 = Release|Any CPU
		{868DD478-A68C-42FF-8EED-E3980F71C1C6}.Debug|Any CPU.ActiveCfg = Debug|Any CPU
		{868DD478-A68C-42FF-8EED-E3980F71C1C6}.Debug|Any CPU.Build.0 = Debug|Any CPU
		{868DD478-A68C-42FF-8EED-E3980F71C1C6}.Release|Any CPU.ActiveCfg = Release|Any CPU
		{868DD478-A68C-42FF-8EED-E3980F71C1C6}.Release|Any CPU.Build.0 = Release|Any CPU
		{FC19C2C4-3AED-4FF7-845B-2C70C9A35551}.Debug|Any CPU.ActiveCfg = Debug|Any CPU
		{FC19C2C4-3AED-4FF7-845B-2C70C9A35551}.Debug|Any CPU.Build.0 = Debug|Any CPU
		{FC19C2C4-3AED-4FF7-845B-2C70C9A35551}.Release|Any CPU.ActiveCfg = Release|Any CPU
		{FC19C2C4-3AED-4FF7-845B-2C70C9A35551}.Release|Any CPU.Build.0 = Release|Any CPU
		{D24E394D-333F-4805-B62B-CBCF49555409}.Debug|Any CPU.ActiveCfg = Debug|Any CPU
		{D24E394D-333F-4805-B62B-CBCF49555409}.Debug|Any CPU.Build.0 = Debug|Any CPU
		{D24E394D-333F-4805-B62B-CBCF49555409}.Release|Any CPU.ActiveCfg = Release|Any CPU
		{D24E394D-333F-4805-B62B-CBCF49555409}.Release|Any CPU.Build.0 = Release|Any CPU
		{335D5C88-8CFB-46E7-BB33-B9FA0432893A}.Debug|Any CPU.ActiveCfg = Debug|Any CPU
		{335D5C88-8CFB-46E7-BB33-B9FA0432893A}.Debug|Any CPU.Build.0 = Debug|Any CPU
		{335D5C88-8CFB-46E7-BB33-B9FA0432893A}.Release|Any CPU.ActiveCfg = Release|Any CPU
		{335D5C88-8CFB-46E7-BB33-B9FA0432893A}.Release|Any CPU.Build.0 = Release|Any CPU
		{A0149746-2206-49D0-BE0F-A49F7A41C538}.Debug|Any CPU.ActiveCfg = Debug|Any CPU
		{A0149746-2206-49D0-BE0F-A49F7A41C538}.Debug|Any CPU.Build.0 = Debug|Any CPU
		{A0149746-2206-49D0-BE0F-A49F7A41C538}.Release|Any CPU.ActiveCfg = Release|Any CPU
		{A0149746-2206-49D0-BE0F-A49F7A41C538}.Release|Any CPU.Build.0 = Release|Any CPU
		{6C10F091-D233-4042-ACD8-E29AC3A213F3}.Debug|Any CPU.ActiveCfg = Debug|Any CPU
		{6C10F091-D233-4042-ACD8-E29AC3A213F3}.Debug|Any CPU.Build.0 = Debug|Any CPU
		{6C10F091-D233-4042-ACD8-E29AC3A213F3}.Release|Any CPU.ActiveCfg = Release|Any CPU
		{6C10F091-D233-4042-ACD8-E29AC3A213F3}.Release|Any CPU.Build.0 = Release|Any CPU
		{31994048-3F19-42EB-B651-F929C34EE527}.Debug|Any CPU.ActiveCfg = Debug|Any CPU
		{31994048-3F19-42EB-B651-F929C34EE527}.Debug|Any CPU.Build.0 = Debug|Any CPU
		{31994048-3F19-42EB-B651-F929C34EE527}.Release|Any CPU.ActiveCfg = Release|Any CPU
		{31994048-3F19-42EB-B651-F929C34EE527}.Release|Any CPU.Build.0 = Release|Any CPU
		{25A9686A-0675-47AF-84A1-6DEF47D195D4}.Debug|Any CPU.ActiveCfg = Debug|Any CPU
		{25A9686A-0675-47AF-84A1-6DEF47D195D4}.Debug|Any CPU.Build.0 = Debug|Any CPU
		{25A9686A-0675-47AF-84A1-6DEF47D195D4}.Release|Any CPU.ActiveCfg = Release|Any CPU
		{25A9686A-0675-47AF-84A1-6DEF47D195D4}.Release|Any CPU.Build.0 = Release|Any CPU
		{3B3DF9A0-FC40-4BDA-8F4C-427883A91AFC}.Debug|Any CPU.ActiveCfg = Debug|Any CPU
		{3B3DF9A0-FC40-4BDA-8F4C-427883A91AFC}.Debug|Any CPU.Build.0 = Debug|Any CPU
		{3B3DF9A0-FC40-4BDA-8F4C-427883A91AFC}.Release|Any CPU.ActiveCfg = Release|Any CPU
		{3B3DF9A0-FC40-4BDA-8F4C-427883A91AFC}.Release|Any CPU.Build.0 = Release|Any CPU
		{EDAF8AAA-1B26-4336-AB0A-B5582526B4A5}.Debug|Any CPU.ActiveCfg = Debug|Any CPU
		{EDAF8AAA-1B26-4336-AB0A-B5582526B4A5}.Debug|Any CPU.Build.0 = Debug|Any CPU
		{EDAF8AAA-1B26-4336-AB0A-B5582526B4A5}.Release|Any CPU.ActiveCfg = Release|Any CPU
		{EDAF8AAA-1B26-4336-AB0A-B5582526B4A5}.Release|Any CPU.Build.0 = Release|Any CPU
		{5DBAB2C1-1025-40A7-8432-79D30C3EDE24}.Debug|Any CPU.ActiveCfg = Debug|Any CPU
		{5DBAB2C1-1025-40A7-8432-79D30C3EDE24}.Debug|Any CPU.Build.0 = Debug|Any CPU
		{5DBAB2C1-1025-40A7-8432-79D30C3EDE24}.Release|Any CPU.ActiveCfg = Release|Any CPU
		{5DBAB2C1-1025-40A7-8432-79D30C3EDE24}.Release|Any CPU.Build.0 = Release|Any CPU
		{225C7A8A-07F4-4907-92AB-713DAAB223FB}.Debug|Any CPU.ActiveCfg = Debug|Any CPU
		{225C7A8A-07F4-4907-92AB-713DAAB223FB}.Debug|Any CPU.Build.0 = Debug|Any CPU
		{225C7A8A-07F4-4907-92AB-713DAAB223FB}.Release|Any CPU.ActiveCfg = Release|Any CPU
		{225C7A8A-07F4-4907-92AB-713DAAB223FB}.Release|Any CPU.Build.0 = Release|Any CPU
		{E98CFA81-658D-467B-9CD0-0C10F8CFC636}.Debug|Any CPU.ActiveCfg = Debug|Any CPU
		{E98CFA81-658D-467B-9CD0-0C10F8CFC636}.Debug|Any CPU.Build.0 = Debug|Any CPU
		{E98CFA81-658D-467B-9CD0-0C10F8CFC636}.Release|Any CPU.ActiveCfg = Release|Any CPU
		{E98CFA81-658D-467B-9CD0-0C10F8CFC636}.Release|Any CPU.Build.0 = Release|Any CPU
		{BC113D9C-73D0-42F0-B0D7-99DE9AE0E35C}.Debug|Any CPU.ActiveCfg = Debug|Any CPU
		{BC113D9C-73D0-42F0-B0D7-99DE9AE0E35C}.Debug|Any CPU.Build.0 = Debug|Any CPU
		{BC113D9C-73D0-42F0-B0D7-99DE9AE0E35C}.Release|Any CPU.ActiveCfg = Release|Any CPU
		{BC113D9C-73D0-42F0-B0D7-99DE9AE0E35C}.Release|Any CPU.Build.0 = Release|Any CPU
		{72602355-DD2F-4BA6-A48E-FC3CC5105E7D}.Debug|Any CPU.ActiveCfg = Debug|Any CPU
		{72602355-DD2F-4BA6-A48E-FC3CC5105E7D}.Debug|Any CPU.Build.0 = Debug|Any CPU
		{72602355-DD2F-4BA6-A48E-FC3CC5105E7D}.Release|Any CPU.ActiveCfg = Release|Any CPU
		{72602355-DD2F-4BA6-A48E-FC3CC5105E7D}.Release|Any CPU.Build.0 = Release|Any CPU
		{65F7D475-2F8E-452B-AE30-0B8628D733D1}.Debug|Any CPU.ActiveCfg = Debug|Any CPU
		{65F7D475-2F8E-452B-AE30-0B8628D733D1}.Debug|Any CPU.Build.0 = Debug|Any CPU
		{65F7D475-2F8E-452B-AE30-0B8628D733D1}.Release|Any CPU.ActiveCfg = Release|Any CPU
		{65F7D475-2F8E-452B-AE30-0B8628D733D1}.Release|Any CPU.Build.0 = Release|Any CPU
		{8250C4CB-E557-421A-875A-0CE47F3C1B3F}.Debug|Any CPU.ActiveCfg = Debug|Any CPU
		{8250C4CB-E557-421A-875A-0CE47F3C1B3F}.Debug|Any CPU.Build.0 = Debug|Any CPU
		{8250C4CB-E557-421A-875A-0CE47F3C1B3F}.Release|Any CPU.ActiveCfg = Release|Any CPU
		{8250C4CB-E557-421A-875A-0CE47F3C1B3F}.Release|Any CPU.Build.0 = Release|Any CPU
		{AB1569F1-C108-412C-BB61-B8039DD1BC1E}.Debug|Any CPU.ActiveCfg = Debug|Any CPU
		{AB1569F1-C108-412C-BB61-B8039DD1BC1E}.Debug|Any CPU.Build.0 = Debug|Any CPU
		{AB1569F1-C108-412C-BB61-B8039DD1BC1E}.Release|Any CPU.ActiveCfg = Release|Any CPU
		{AB1569F1-C108-412C-BB61-B8039DD1BC1E}.Release|Any CPU.Build.0 = Release|Any CPU
		{2BC22962-9C91-4E6A-8BA3-2AF7E7AF77FF}.Debug|Any CPU.ActiveCfg = Debug|Any CPU
		{2BC22962-9C91-4E6A-8BA3-2AF7E7AF77FF}.Debug|Any CPU.Build.0 = Debug|Any CPU
		{2BC22962-9C91-4E6A-8BA3-2AF7E7AF77FF}.Release|Any CPU.ActiveCfg = Release|Any CPU
		{2BC22962-9C91-4E6A-8BA3-2AF7E7AF77FF}.Release|Any CPU.Build.0 = Release|Any CPU
		{9E823E95-9E46-4C45-B3CD-9925FF4B8B90}.Debug|Any CPU.ActiveCfg = Debug|Any CPU
		{9E823E95-9E46-4C45-B3CD-9925FF4B8B90}.Debug|Any CPU.Build.0 = Debug|Any CPU
		{9E823E95-9E46-4C45-B3CD-9925FF4B8B90}.Release|Any CPU.ActiveCfg = Release|Any CPU
		{9E823E95-9E46-4C45-B3CD-9925FF4B8B90}.Release|Any CPU.Build.0 = Release|Any CPU
		{FE2E54AE-E4E0-498E-970E-2BD42E24091F}.Debug|Any CPU.ActiveCfg = Debug|Any CPU
		{FE2E54AE-E4E0-498E-970E-2BD42E24091F}.Debug|Any CPU.Build.0 = Debug|Any CPU
		{FE2E54AE-E4E0-498E-970E-2BD42E24091F}.Release|Any CPU.ActiveCfg = Release|Any CPU
		{FE2E54AE-E4E0-498E-970E-2BD42E24091F}.Release|Any CPU.Build.0 = Release|Any CPU
		{B64065DD-EE21-4786-A5EA-0FBEB597525A}.Debug|Any CPU.ActiveCfg = Debug|Any CPU
		{B64065DD-EE21-4786-A5EA-0FBEB597525A}.Debug|Any CPU.Build.0 = Debug|Any CPU
		{B64065DD-EE21-4786-A5EA-0FBEB597525A}.Release|Any CPU.ActiveCfg = Release|Any CPU
		{B64065DD-EE21-4786-A5EA-0FBEB597525A}.Release|Any CPU.Build.0 = Release|Any CPU
		{91B23EEA-83CA-4F90-9922-51F334B39970}.Debug|Any CPU.ActiveCfg = Debug|Any CPU
		{91B23EEA-83CA-4F90-9922-51F334B39970}.Debug|Any CPU.Build.0 = Debug|Any CPU
		{91B23EEA-83CA-4F90-9922-51F334B39970}.Release|Any CPU.ActiveCfg = Release|Any CPU
		{91B23EEA-83CA-4F90-9922-51F334B39970}.Release|Any CPU.Build.0 = Release|Any CPU
		{A55D02A5-0B29-4BA4-886F-47C7A85835D6}.Debug|Any CPU.ActiveCfg = Debug|Any CPU
		{A55D02A5-0B29-4BA4-886F-47C7A85835D6}.Debug|Any CPU.Build.0 = Debug|Any CPU
		{A55D02A5-0B29-4BA4-886F-47C7A85835D6}.Release|Any CPU.ActiveCfg = Release|Any CPU
		{A55D02A5-0B29-4BA4-886F-47C7A85835D6}.Release|Any CPU.Build.0 = Release|Any CPU
		{7333BC41-A292-49AF-87DB-A1D6FD01710C}.Debug|Any CPU.ActiveCfg = Debug|Any CPU
		{7333BC41-A292-49AF-87DB-A1D6FD01710C}.Debug|Any CPU.Build.0 = Debug|Any CPU
		{7333BC41-A292-49AF-87DB-A1D6FD01710C}.Release|Any CPU.ActiveCfg = Release|Any CPU
		{7333BC41-A292-49AF-87DB-A1D6FD01710C}.Release|Any CPU.Build.0 = Release|Any CPU
		{242EC1B2-2AA4-4623-9169-D44ACE7D748B}.Debug|Any CPU.ActiveCfg = Debug|Any CPU
		{242EC1B2-2AA4-4623-9169-D44ACE7D748B}.Debug|Any CPU.Build.0 = Debug|Any CPU
		{242EC1B2-2AA4-4623-9169-D44ACE7D748B}.Release|Any CPU.ActiveCfg = Release|Any CPU
		{242EC1B2-2AA4-4623-9169-D44ACE7D748B}.Release|Any CPU.Build.0 = Release|Any CPU
		{6B534EF5-EA18-4B67-A785-D4E452CD6133}.Debug|Any CPU.ActiveCfg = Debug|Any CPU
		{6B534EF5-EA18-4B67-A785-D4E452CD6133}.Debug|Any CPU.Build.0 = Debug|Any CPU
		{6B534EF5-EA18-4B67-A785-D4E452CD6133}.Release|Any CPU.ActiveCfg = Release|Any CPU
		{6B534EF5-EA18-4B67-A785-D4E452CD6133}.Release|Any CPU.Build.0 = Release|Any CPU
		{0E1D4B1B-28B4-48DD-9264-6700295C862E}.Debug|Any CPU.ActiveCfg = Debug|Any CPU
		{0E1D4B1B-28B4-48DD-9264-6700295C862E}.Debug|Any CPU.Build.0 = Debug|Any CPU
		{0E1D4B1B-28B4-48DD-9264-6700295C862E}.Release|Any CPU.ActiveCfg = Release|Any CPU
		{0E1D4B1B-28B4-48DD-9264-6700295C862E}.Release|Any CPU.Build.0 = Release|Any CPU
		{C2558941-3754-4ED7-B20A-6E6119A40EC6}.Debug|Any CPU.ActiveCfg = Debug|Any CPU
		{C2558941-3754-4ED7-B20A-6E6119A40EC6}.Debug|Any CPU.Build.0 = Debug|Any CPU
		{C2558941-3754-4ED7-B20A-6E6119A40EC6}.Release|Any CPU.ActiveCfg = Release|Any CPU
		{C2558941-3754-4ED7-B20A-6E6119A40EC6}.Release|Any CPU.Build.0 = Release|Any CPU
		{AB381B17-C60F-4C28-84CF-AB6BC1802179}.Debug|Any CPU.ActiveCfg = Debug|Any CPU
		{AB381B17-C60F-4C28-84CF-AB6BC1802179}.Debug|Any CPU.Build.0 = Debug|Any CPU
		{AB381B17-C60F-4C28-84CF-AB6BC1802179}.Release|Any CPU.ActiveCfg = Release|Any CPU
		{AB381B17-C60F-4C28-84CF-AB6BC1802179}.Release|Any CPU.Build.0 = Release|Any CPU
	EndGlobalSection
	GlobalSection(SolutionProperties) = preSolution
		HideSolutionNode = FALSE
	EndGlobalSection
	GlobalSection(ExtensibilityGlobals) = postSolution
		SolutionGuid = {87106A3B-4A64-475D-86F1-E143682EAD00}
	EndGlobalSection
EndGlobal
