
Microsoft Visual Studio Solution File, Format Version 12.00
# Visual Studio Version 17
VisualStudioVersion = 17.8.34511.84
MinimumVisualStudioVersion = 10.0.40219.1
Project("{FAE04EC0-301F-11D3-BF4B-00C04F79EFBC}") = "problem1", "problem1\problem1.csproj", "{09D91CB3-1581-4A8B-8E0D-526189B21851}"
EndProject
Project("{FAE04EC0-301F-11D3-BF4B-00C04F79EFBC}") = "problem2", "problem2\problem2.csproj", "{200685CF-0B8F-4E76-9F32-746944F1CDCC}"
EndProject
Project("{FAE04EC0-301F-11D3-BF4B-00C04F79EFBC}") = "problem3", "problem3\problem3.csproj", "{F5EF0090-E755-48A2-BF70-B2870410A6F0}"
EndProject
Global
	GlobalSection(SolutionConfigurationPlatforms) = preSolution
		Debug|Any CPU = Debug|Any CPU
		Release|Any CPU = Release|Any CPU
	EndGlobalSection
	GlobalSection(ProjectConfigurationPlatforms) = postSolution
		{09D91CB3-1581-4A8B-8E0D-526189B21851}.Debug|Any CPU.ActiveCfg = Debug|Any CPU
		{09D91CB3-1581-4A8B-8E0D-526189B21851}.Debug|Any CPU.Build.0 = Debug|Any CPU
		{09D91CB3-1581-4A8B-8E0D-526189B21851}.Release|Any CPU.ActiveCfg = Release|Any CPU
		{09D91CB3-1581-4A8B-8E0D-526189B21851}.Release|Any CPU.Build.0 = Release|Any CPU
		{200685CF-0B8F-4E76-9F32-746944F1CDCC}.Debug|Any CPU.ActiveCfg = Debug|Any CPU
		{200685CF-0B8F-4E76-9F32-746944F1CDCC}.Debug|Any CPU.Build.0 = Debug|Any CPU
		{200685CF-0B8F-4E76-9F32-746944F1CDCC}.Release|Any CPU.ActiveCfg = Release|Any CPU
		{200685CF-0B8F-4E76-9F32-746944F1CDCC}.Release|Any CPU.Build.0 = Release|Any CPU
		{F5EF0090-E755-48A2-BF70-B2870410A6F0}.Debug|Any CPU.ActiveCfg = Debug|Any CPU
		{F5EF0090-E755-48A2-BF70-B2870410A6F0}.Debug|Any CPU.Build.0 = Debug|Any CPU
		{F5EF0090-E755-48A2-BF70-B2870410A6F0}.Release|Any CPU.ActiveCfg = Release|Any CPU
		{F5EF0090-E755-48A2-BF70-B2870410A6F0}.Release|Any CPU.Build.0 = Release|Any CPU
	EndGlobalSection
	GlobalSection(SolutionProperties) = preSolution
		HideSolutionNode = FALSE
	EndGlobalSection
	GlobalSection(ExtensibilityGlobals) = postSolution
		SolutionGuid = {A57DE774-8699-48F7-B7CF-565C98AEF4B7}
	EndGlobalSection
EndGlobal
