
Microsoft Visual Studio Solution File, Format Version 12.00
# Visual Studio Version 17
VisualStudioVersion = 17.8.34330.188
MinimumVisualStudioVersion = 10.0.40219.1
Project("{FAE04EC0-301F-11D3-BF4B-00C04F79EFBC}") = "problem1", "problem1\problem1.csproj", "{D5C4BD82-B4CB-4F0A-BA72-85EDC931FBD8}"
EndProject
Project("{FAE04EC0-301F-11D3-BF4B-00C04F79EFBC}") = "problem2", "problem2\problem2.csproj", "{F7541849-E9DE-4210-8B21-C9C8D232DA88}"
EndProject
Project("{FAE04EC0-301F-11D3-BF4B-00C04F79EFBC}") = "problem3", "problem3\problem3.csproj", "{A1CFD066-3CF8-4AFA-AFBE-E531097CD00C}"
EndProject
Project("{FAE04EC0-301F-11D3-BF4B-00C04F79EFBC}") = "problem4", "problem4\problem4.csproj", "{C2524D46-8EEB-4C87-9722-8D28E8E77E62}"
EndProject
Global
	GlobalSection(SolutionConfigurationPlatforms) = preSolution
		Debug|Any CPU = Debug|Any CPU
		Release|Any CPU = Release|Any CPU
	EndGlobalSection
	GlobalSection(ProjectConfigurationPlatforms) = postSolution
		{D5C4BD82-B4CB-4F0A-BA72-85EDC931FBD8}.Debug|Any CPU.ActiveCfg = Debug|Any CPU
		{D5C4BD82-B4CB-4F0A-BA72-85EDC931FBD8}.Debug|Any CPU.Build.0 = Debug|Any CPU
		{D5C4BD82-B4CB-4F0A-BA72-85EDC931FBD8}.Release|Any CPU.ActiveCfg = Release|Any CPU
		{D5C4BD82-B4CB-4F0A-BA72-85EDC931FBD8}.Release|Any CPU.Build.0 = Release|Any CPU
		{F7541849-E9DE-4210-8B21-C9C8D232DA88}.Debug|Any CPU.ActiveCfg = Debug|Any CPU
		{F7541849-E9DE-4210-8B21-C9C8D232DA88}.Debug|Any CPU.Build.0 = Debug|Any CPU
		{F7541849-E9DE-4210-8B21-C9C8D232DA88}.Release|Any CPU.ActiveCfg = Release|Any CPU
		{F7541849-E9DE-4210-8B21-C9C8D232DA88}.Release|Any CPU.Build.0 = Release|Any CPU
		{A1CFD066-3CF8-4AFA-AFBE-E531097CD00C}.Debug|Any CPU.ActiveCfg = Debug|Any CPU
		{A1CFD066-3CF8-4AFA-AFBE-E531097CD00C}.Debug|Any CPU.Build.0 = Debug|Any CPU
		{A1CFD066-3CF8-4AFA-AFBE-E531097CD00C}.Release|Any CPU.ActiveCfg = Release|Any CPU
		{A1CFD066-3CF8-4AFA-AFBE-E531097CD00C}.Release|Any CPU.Build.0 = Release|Any CPU
		{C2524D46-8EEB-4C87-9722-8D28E8E77E62}.Debug|Any CPU.ActiveCfg = Debug|Any CPU
		{C2524D46-8EEB-4C87-9722-8D28E8E77E62}.Debug|Any CPU.Build.0 = Debug|Any CPU
		{C2524D46-8EEB-4C87-9722-8D28E8E77E62}.Release|Any CPU.ActiveCfg = Release|Any CPU
		{C2524D46-8EEB-4C87-9722-8D28E8E77E62}.Release|Any CPU.Build.0 = Release|Any CPU
	EndGlobalSection
	GlobalSection(SolutionProperties) = preSolution
		HideSolutionNode = FALSE
	EndGlobalSection
	GlobalSection(ExtensibilityGlobals) = postSolution
		SolutionGuid = {10A28F8C-098D-486A-BCF7-58404BBC6501}
	EndGlobalSection
EndGlobal
