
Microsoft Visual Studio Solution File, Format Version 12.00
# Visual Studio Version 17
VisualStudioVersion = 17.8.34330.188
MinimumVisualStudioVersion = 10.0.40219.1
Project("{FAE04EC0-301F-11D3-BF4B-00C04F79EFBC}") = "second_task_2", "second_task_2\second_task_2.csproj", "{CC3786B8-1849-454E-8A2A-397E4DBE8775}"
EndProject
Global
	GlobalSection(SolutionConfigurationPlatforms) = preSolution
		Debug|Any CPU = Debug|Any CPU
		Release|Any CPU = Release|Any CPU
	EndGlobalSection
	GlobalSection(ProjectConfigurationPlatforms) = postSolution
		{CC3786B8-1849-454E-8A2A-397E4DBE8775}.Debug|Any CPU.ActiveCfg = Debug|Any CPU
		{CC3786B8-1849-454E-8A2A-397E4DBE8775}.Debug|Any CPU.Build.0 = Debug|Any CPU
		{CC3786B8-1849-454E-8A2A-397E4DBE8775}.Release|Any CPU.ActiveCfg = Release|Any CPU
		{CC3786B8-1849-454E-8A2A-397E4DBE8775}.Release|Any CPU.Build.0 = Release|Any CPU
	EndGlobalSection
	GlobalSection(SolutionProperties) = preSolution
		HideSolutionNode = FALSE
	EndGlobalSection
	GlobalSection(ExtensibilityGlobals) = postSolution
		SolutionGuid = {01D4B59F-C40B-4AF1-BF52-D8A7A69A2BAF}
	EndGlobalSection
EndGlobal
